
Microsoft Visual Studio Solution File, Format Version 12.00
# Visual Studio Version 17
VisualStudioVersion = 17.9.34622.214
MinimumVisualStudioVersion = 10.0.40219.1
Project("{9A19103F-16F7-4668-BE54-9A1E7A4F7556}") = "DeviceRegistryHttp", "DeviceRegistryHttp\DeviceRegistryHttp.csproj", "{67237B5A-6503-49BD-AAFF-65AA40145C26}"
EndProject
Project("{9A19103F-16F7-4668-BE54-9A1E7A4F7556}") = "DeviceRegistryHttpMessageRouters", "DeviceRegistryHttpCommandRouters\DeviceRegistryHttpMessageRouters.csproj", "{0A24A046-8404-43C5-9075-D95FDE631FD3}"
EndProject
Project("{9A19103F-16F7-4668-BE54-9A1E7A4F7556}") = "DeviceRegistryMqtt", "DeviceRegistryMqtt\DeviceRegistryMqtt.csproj", "{3ABEAED4-875B-4BBC-AA0D-BBBCAE9A8368}"
EndProject
Global
	GlobalSection(SolutionConfigurationPlatforms) = preSolution
		Debug|Any CPU = Debug|Any CPU
		Release|Any CPU = Release|Any CPU
	EndGlobalSection
	GlobalSection(ProjectConfigurationPlatforms) = postSolution
		{67237B5A-6503-49BD-AAFF-65AA40145C26}.Debug|Any CPU.ActiveCfg = Debug|Any CPU
		{67237B5A-6503-49BD-AAFF-65AA40145C26}.Debug|Any CPU.Build.0 = Debug|Any CPU
		{67237B5A-6503-49BD-AAFF-65AA40145C26}.Release|Any CPU.ActiveCfg = Release|Any CPU
		{67237B5A-6503-49BD-AAFF-65AA40145C26}.Release|Any CPU.Build.0 = Release|Any CPU
		{0A24A046-8404-43C5-9075-D95FDE631FD3}.Debug|Any CPU.ActiveCfg = Debug|Any CPU
		{0A24A046-8404-43C5-9075-D95FDE631FD3}.Debug|Any CPU.Build.0 = Debug|Any CPU
		{0A24A046-8404-43C5-9075-D95FDE631FD3}.Release|Any CPU.ActiveCfg = Release|Any CPU
		{0A24A046-8404-43C5-9075-D95FDE631FD3}.Release|Any CPU.Build.0 = Release|Any CPU
		{3ABEAED4-875B-4BBC-AA0D-BBBCAE9A8368}.Debug|Any CPU.ActiveCfg = Debug|Any CPU
		{3ABEAED4-875B-4BBC-AA0D-BBBCAE9A8368}.Debug|Any CPU.Build.0 = Debug|Any CPU
		{3ABEAED4-875B-4BBC-AA0D-BBBCAE9A8368}.Release|Any CPU.ActiveCfg = Release|Any CPU
		{3ABEAED4-875B-4BBC-AA0D-BBBCAE9A8368}.Release|Any CPU.Build.0 = Release|Any CPU
	EndGlobalSection
	GlobalSection(SolutionProperties) = preSolution
		HideSolutionNode = FALSE
	EndGlobalSection
	GlobalSection(ExtensibilityGlobals) = postSolution
		SolutionGuid = {5ED4A7C8-2279-4664-BE8F-F04D26CC9461}
	EndGlobalSection
EndGlobal
